
Microsoft Visual Studio Solution File, Format Version 12.00
# Visual Studio Version 16
VisualStudioVersion = 16.0.28803.452
MinimumVisualStudioVersion = 10.0.40219.1
Project("{9A19103F-16F7-4668-BE54-9A1E7A4F7556}") = "CRUD", "CRUD\CRUD.csproj", "{A990B957-B5FD-4F76-94BE-47275F305792}"
EndProject
Project("{FAE04EC0-301F-11D3-BF4B-00C04F79EFBC}") = "CRUDfacts", "CRUDfacts\CRUDfacts.csproj", "{A55199F0-167C-459D-9405-50D49F8798D9}"
	ProjectSection(ProjectDependencies) = postProject
		{A990B957-B5FD-4F76-94BE-47275F305792} = {A990B957-B5FD-4F76-94BE-47275F305792}
	EndProjectSection
EndProject
Global
	GlobalSection(SolutionConfigurationPlatforms) = preSolution
		Debug|Any CPU = Debug|Any CPU
		Release|Any CPU = Release|Any CPU
	EndGlobalSection
	GlobalSection(ProjectConfigurationPlatforms) = postSolution
		{A990B957-B5FD-4F76-94BE-47275F305792}.Debug|Any CPU.ActiveCfg = Debug|Any CPU
		{A990B957-B5FD-4F76-94BE-47275F305792}.Debug|Any CPU.Build.0 = Debug|Any CPU
		{A990B957-B5FD-4F76-94BE-47275F305792}.Release|Any CPU.ActiveCfg = Release|Any CPU
		{A990B957-B5FD-4F76-94BE-47275F305792}.Release|Any CPU.Build.0 = Release|Any CPU
		{A55199F0-167C-459D-9405-50D49F8798D9}.Debug|Any CPU.ActiveCfg = Debug|Any CPU
		{A55199F0-167C-459D-9405-50D49F8798D9}.Debug|Any CPU.Build.0 = Debug|Any CPU
		{A55199F0-167C-459D-9405-50D49F8798D9}.Release|Any CPU.ActiveCfg = Release|Any CPU
		{A55199F0-167C-459D-9405-50D49F8798D9}.Release|Any CPU.Build.0 = Release|Any CPU
	EndGlobalSection
	GlobalSection(SolutionProperties) = preSolution
		HideSolutionNode = FALSE
	EndGlobalSection
	GlobalSection(ExtensibilityGlobals) = postSolution
		SolutionGuid = {271F05E0-3167-4046-BC6B-30B10FFB6121}
	EndGlobalSection
EndGlobal
